
Microsoft Visual Studio Solution File, Format Version 12.00
# Visual Studio Version 17
VisualStudioVersion = 17.5.33530.505
MinimumVisualStudioVersion = 10.0.40219.1
Project("{FAE04EC0-301F-11D3-BF4B-00C04F79EFBC}") = "ErmolaevSQLApp", "ErmolaevSQLApp\ErmolaevSQLApp.csproj", "{FA645802-23F5-41C0-8D76-510F3E8F6CD5}"
EndProject
Global
	GlobalSection(SolutionConfigurationPlatforms) = preSolution
		Debug|Any CPU = Debug|Any CPU
		Release|Any CPU = Release|Any CPU
	EndGlobalSection
	GlobalSection(ProjectConfigurationPlatforms) = postSolution
		{FA645802-23F5-41C0-8D76-510F3E8F6CD5}.Debug|Any CPU.ActiveCfg = Debug|Any CPU
		{FA645802-23F5-41C0-8D76-510F3E8F6CD5}.Debug|Any CPU.Build.0 = Debug|Any CPU
		{FA645802-23F5-41C0-8D76-510F3E8F6CD5}.Release|Any CPU.ActiveCfg = Release|Any CPU
		{FA645802-23F5-41C0-8D76-510F3E8F6CD5}.Release|Any CPU.Build.0 = Release|Any CPU
	EndGlobalSection
	GlobalSection(SolutionProperties) = preSolution
		HideSolutionNode = FALSE
	EndGlobalSection
	GlobalSection(ExtensibilityGlobals) = postSolution
		SolutionGuid = {D6F0F256-E54B-4A55-94F1-9AD196080915}
	EndGlobalSection
EndGlobal
